
Microsoft Visual Studio Solution File, Format Version 12.00
# Visual Studio 2013
VisualStudioVersion = 12.0.31101.0
MinimumVisualStudioVersion = 10.0.40219.1
Project("{151D2E53-A2C4-4D7D-83FE-D05416EBD58E}") = "deploy_apache_on_docker", "deploy_apache_on_docker\deploy_apache_on_docker.deployproj", "{CE5FF87B-70A2-4033-9ECD-89A2BCFE616B}"
EndProject
Global
	GlobalSection(SolutionConfigurationPlatforms) = preSolution
		Debug|Any CPU = Debug|Any CPU
		Release|Any CPU = Release|Any CPU
	EndGlobalSection
	GlobalSection(ProjectConfigurationPlatforms) = postSolution
		{CE5FF87B-70A2-4033-9ECD-89A2BCFE616B}.Debug|Any CPU.ActiveCfg = Debug|Any CPU
		{CE5FF87B-70A2-4033-9ECD-89A2BCFE616B}.Debug|Any CPU.Build.0 = Debug|Any CPU
		{CE5FF87B-70A2-4033-9ECD-89A2BCFE616B}.Release|Any CPU.ActiveCfg = Release|Any CPU
		{CE5FF87B-70A2-4033-9ECD-89A2BCFE616B}.Release|Any CPU.Build.0 = Release|Any CPU
	EndGlobalSection
	GlobalSection(SolutionProperties) = preSolution
		HideSolutionNode = FALSE
	EndGlobalSection
EndGlobal
